
Microsoft Visual Studio Solution File, Format Version 12.00
# Visual Studio Version 17
VisualStudioVersion = 17.4.33403.182
MinimumVisualStudioVersion = 10.0.40219.1
Project("{2150E333-8FDC-42A3-9474-1A3956D46DE8}") = "Creative Patterns", "Creative Patterns", "{3F060323-6090-4CF1-A29A-FF097754EE10}"
EndProject
Project("{2150E333-8FDC-42A3-9474-1A3956D46DE8}") = "Factory Method", "Factory Method", "{24D1FCC7-5452-4681-AAFC-941D0230569F}"
EndProject
Project("{2150E333-8FDC-42A3-9474-1A3956D46DE8}") = "Abstract Factory", "Abstract Factory", "{A79B34A3-9C6E-4F4D-A845-1EF5138EDD21}"
EndProject
Project("{2150E333-8FDC-42A3-9474-1A3956D46DE8}") = "Builder", "Builder", "{FBB0A3CB-24C3-4ABD-BE94-C2F032EC687F}"
EndProject
Project("{2150E333-8FDC-42A3-9474-1A3956D46DE8}") = "Prototype", "Prototype", "{881C8D8C-36C5-4160-B5D5-6A8A0E40DB7A}"
EndProject
Project("{2150E333-8FDC-42A3-9474-1A3956D46DE8}") = "Singleton", "Singleton", "{E417FDBA-39C6-4D9C-9311-56CC3EB5326F}"
EndProject
Project("{2150E333-8FDC-42A3-9474-1A3956D46DE8}") = "Structural Patterns", "Structural Patterns", "{83282DEB-4591-4EBB-8ABB-FD752FD79961}"
EndProject
Project("{2150E333-8FDC-42A3-9474-1A3956D46DE8}") = "Behavioral Patterns", "Behavioral Patterns", "{095AD882-928C-44EE-AE25-7CB7720711B9}"
EndProject
Project("{2150E333-8FDC-42A3-9474-1A3956D46DE8}") = "Adapter", "Adapter", "{652C4CE8-FD6B-48DF-8688-97E2721D1644}"
EndProject
Project("{2150E333-8FDC-42A3-9474-1A3956D46DE8}") = "Bridge", "Bridge", "{108E6274-3489-48C6-A4AA-FDF93C5B18EB}"
EndProject
Project("{2150E333-8FDC-42A3-9474-1A3956D46DE8}") = "Composite", "Composite", "{CD988CC8-983E-4BB7-9327-D7B66E2763C6}"
EndProject
Project("{2150E333-8FDC-42A3-9474-1A3956D46DE8}") = "Decorator", "Decorator", "{EBFD7A90-A99E-43FB-8F95-0711936DD398}"
EndProject
Project("{2150E333-8FDC-42A3-9474-1A3956D46DE8}") = "Facade", "Facade", "{4641E5AF-E901-44EB-A62D-D464A90B28AB}"
EndProject
Project("{2150E333-8FDC-42A3-9474-1A3956D46DE8}") = "Flyweight", "Flyweight", "{1F9DC1DF-B3B7-4E8D-828D-81211E835085}"
EndProject
Project("{2150E333-8FDC-42A3-9474-1A3956D46DE8}") = "Proxy", "Proxy", "{3DF4197B-57B1-4C2F-8411-F8116348CA18}"
EndProject
Project("{2150E333-8FDC-42A3-9474-1A3956D46DE8}") = "Chain of Responsibility", "Chain of Responsibility", "{BBE9C869-4483-4302-8F7F-D82516199970}"
EndProject
Project("{2150E333-8FDC-42A3-9474-1A3956D46DE8}") = "Command", "Command", "{30BD325D-49F3-4D71-AF00-64BAF416DAB5}"
EndProject
Project("{2150E333-8FDC-42A3-9474-1A3956D46DE8}") = "Iterator", "Iterator", "{ACEFEE26-36EC-4622-A664-8185FBE9C628}"
EndProject
Project("{2150E333-8FDC-42A3-9474-1A3956D46DE8}") = "Mediator", "Mediator", "{EBBC9BBF-6451-4E08-893A-A78F8A89C461}"
EndProject
Project("{2150E333-8FDC-42A3-9474-1A3956D46DE8}") = "Memento", "Memento", "{69DC673C-58AF-4391-9034-EEEAEF4C2896}"
EndProject
Project("{2150E333-8FDC-42A3-9474-1A3956D46DE8}") = "Observer", "Observer", "{47747336-B204-4BE6-9C43-06DFAF0E85D4}"
EndProject
Project("{2150E333-8FDC-42A3-9474-1A3956D46DE8}") = "State", "State", "{DCAB9EEE-CD35-471A-9604-6B55B687705C}"
EndProject
Project("{2150E333-8FDC-42A3-9474-1A3956D46DE8}") = "Strategy", "Strategy", "{C1046300-880F-4063-B988-F5714677CC10}"
EndProject
Project("{2150E333-8FDC-42A3-9474-1A3956D46DE8}") = "Template Method", "Template Method", "{E22F7F51-26ED-4A86-B20D-1D9F2EBAF9A7}"
EndProject
Project("{2150E333-8FDC-42A3-9474-1A3956D46DE8}") = "Visitor", "Visitor", "{09354418-E1FB-4EB8-821B-A1C1CFDDC2C7}"
EndProject
Project("{FAE04EC0-301F-11D3-BF4B-00C04F79EFBC}") = "AbstractFactory", "AbstractFactory\AbstractFactory.csproj", "{CC06A119-DC0B-46D5-BBAC-C8458F294142}"
EndProject
Project("{FAE04EC0-301F-11D3-BF4B-00C04F79EFBC}") = "Builder", "Builder\Builder.csproj", "{BBDD73A2-8FFC-40FE-856D-6986A641FCEB}"
EndProject
Project("{FAE04EC0-301F-11D3-BF4B-00C04F79EFBC}") = "FactoryMethod", "FactoryMethod\FactoryMethod.csproj", "{E8969395-BFC6-4002-AAEC-A2D58E03C736}"
EndProject
Project("{FAE04EC0-301F-11D3-BF4B-00C04F79EFBC}") = "Prototype", "Prototype\Prototype.csproj", "{1E9C702E-AFBB-466A-AECF-14CE91182299}"
EndProject
Project("{FAE04EC0-301F-11D3-BF4B-00C04F79EFBC}") = "Singleton", "Singleton\Singleton.csproj", "{B0F1F56D-F81A-42E2-AD1F-DBA976D6C318}"
EndProject
Project("{FAE04EC0-301F-11D3-BF4B-00C04F79EFBC}") = "Proxy", "Proxy\Proxy.csproj", "{D4654FC1-FB71-4072-92C6-21AF0128B70F}"
EndProject
Project("{FAE04EC0-301F-11D3-BF4B-00C04F79EFBC}") = "Flyweight", "Flyweight\Flyweight.csproj", "{9E1447E5-FC3F-4AFE-803A-1D6EA8C9C107}"
EndProject
Project("{FAE04EC0-301F-11D3-BF4B-00C04F79EFBC}") = "Facade", "Facade\Facade.csproj", "{059A6B6C-70DF-43FB-B13E-429F1F8C017D}"
EndProject
Project("{FAE04EC0-301F-11D3-BF4B-00C04F79EFBC}") = "Decorator", "Decorator\Decorator.csproj", "{29561429-A6DA-4011-AA5D-B1B30A7E7EB2}"
EndProject
Project("{FAE04EC0-301F-11D3-BF4B-00C04F79EFBC}") = "Composite", "Composite\Composite.csproj", "{BA4CD239-72B2-4104-BCC0-AFC6F34163B4}"
EndProject
Project("{FAE04EC0-301F-11D3-BF4B-00C04F79EFBC}") = "Bridge", "Bridge\Bridge.csproj", "{C5021F68-D36A-4D97-8726-1F59DA338701}"
EndProject
Project("{FAE04EC0-301F-11D3-BF4B-00C04F79EFBC}") = "Adapter", "Adapter\Adapter.csproj", "{AB6822DD-C34C-41F0-BDC3-BD2B8D0ED253}"
EndProject
Project("{FAE04EC0-301F-11D3-BF4B-00C04F79EFBC}") = "Visitor", "Visitor\Visitor.csproj", "{20565588-9B33-41BB-83D3-DE10532DE762}"
EndProject
Project("{FAE04EC0-301F-11D3-BF4B-00C04F79EFBC}") = "TemplateMethod", "TemplateMethod\TemplateMethod.csproj", "{52542EE7-D685-4F92-8FC6-520F53B7E057}"
EndProject
Project("{FAE04EC0-301F-11D3-BF4B-00C04F79EFBC}") = "Strategy", "Strategy\Strategy.csproj", "{9B4E2070-75AD-446D-A960-95D379F867B1}"
EndProject
Project("{FAE04EC0-301F-11D3-BF4B-00C04F79EFBC}") = "State", "State\State.csproj", "{01354D15-2D15-420A-A186-1FB91BB3BA8E}"
EndProject
Project("{FAE04EC0-301F-11D3-BF4B-00C04F79EFBC}") = "Observer", "Observer\Observer.csproj", "{D8A3E497-4C7B-453A-8110-E1357B02F638}"
EndProject
Project("{FAE04EC0-301F-11D3-BF4B-00C04F79EFBC}") = "Memento", "Memento\Memento.csproj", "{ABB5C7C8-8B9F-48D6-87EC-14D9B2169D0F}"
EndProject
Project("{FAE04EC0-301F-11D3-BF4B-00C04F79EFBC}") = "Mediator", "Mediator\Mediator.csproj", "{DD1261E2-874F-43F4-A2A4-00F933E96D71}"
EndProject
Project("{FAE04EC0-301F-11D3-BF4B-00C04F79EFBC}") = "Iterator", "Iterator\Iterator.csproj", "{E0C5AAC0-B16B-4164-86CB-ABC7F38BAFDF}"
EndProject
Project("{FAE04EC0-301F-11D3-BF4B-00C04F79EFBC}") = "Command", "Command\Command.csproj", "{C5273493-F705-4BBA-9C18-2D33DEB0B3EB}"
EndProject
Project("{FAE04EC0-301F-11D3-BF4B-00C04F79EFBC}") = "ChainOfResponsibility", "ChainOfResponsibility\ChainOfResponsibility.csproj", "{CC5FD17F-2814-427E-AD53-0686D90DA512}"
EndProject
Global
	GlobalSection(SolutionConfigurationPlatforms) = preSolution
		Debug|Any CPU = Debug|Any CPU
		Release|Any CPU = Release|Any CPU
	EndGlobalSection
	GlobalSection(ProjectConfigurationPlatforms) = postSolution
		{CC06A119-DC0B-46D5-BBAC-C8458F294142}.Debug|Any CPU.ActiveCfg = Debug|Any CPU
		{CC06A119-DC0B-46D5-BBAC-C8458F294142}.Debug|Any CPU.Build.0 = Debug|Any CPU
		{CC06A119-DC0B-46D5-BBAC-C8458F294142}.Release|Any CPU.ActiveCfg = Release|Any CPU
		{CC06A119-DC0B-46D5-BBAC-C8458F294142}.Release|Any CPU.Build.0 = Release|Any CPU
		{BBDD73A2-8FFC-40FE-856D-6986A641FCEB}.Debug|Any CPU.ActiveCfg = Debug|Any CPU
		{BBDD73A2-8FFC-40FE-856D-6986A641FCEB}.Debug|Any CPU.Build.0 = Debug|Any CPU
		{BBDD73A2-8FFC-40FE-856D-6986A641FCEB}.Release|Any CPU.ActiveCfg = Release|Any CPU
		{BBDD73A2-8FFC-40FE-856D-6986A641FCEB}.Release|Any CPU.Build.0 = Release|Any CPU
		{E8969395-BFC6-4002-AAEC-A2D58E03C736}.Debug|Any CPU.ActiveCfg = Debug|Any CPU
		{E8969395-BFC6-4002-AAEC-A2D58E03C736}.Debug|Any CPU.Build.0 = Debug|Any CPU
		{E8969395-BFC6-4002-AAEC-A2D58E03C736}.Release|Any CPU.ActiveCfg = Release|Any CPU
		{E8969395-BFC6-4002-AAEC-A2D58E03C736}.Release|Any CPU.Build.0 = Release|Any CPU
		{1E9C702E-AFBB-466A-AECF-14CE91182299}.Debug|Any CPU.ActiveCfg = Debug|Any CPU
		{1E9C702E-AFBB-466A-AECF-14CE91182299}.Debug|Any CPU.Build.0 = Debug|Any CPU
		{1E9C702E-AFBB-466A-AECF-14CE91182299}.Release|Any CPU.ActiveCfg = Release|Any CPU
		{1E9C702E-AFBB-466A-AECF-14CE91182299}.Release|Any CPU.Build.0 = Release|Any CPU
		{B0F1F56D-F81A-42E2-AD1F-DBA976D6C318}.Debug|Any CPU.ActiveCfg = Debug|Any CPU
		{B0F1F56D-F81A-42E2-AD1F-DBA976D6C318}.Debug|Any CPU.Build.0 = Debug|Any CPU
		{B0F1F56D-F81A-42E2-AD1F-DBA976D6C318}.Release|Any CPU.ActiveCfg = Release|Any CPU
		{B0F1F56D-F81A-42E2-AD1F-DBA976D6C318}.Release|Any CPU.Build.0 = Release|Any CPU
		{D4654FC1-FB71-4072-92C6-21AF0128B70F}.Debug|Any CPU.ActiveCfg = Debug|Any CPU
		{D4654FC1-FB71-4072-92C6-21AF0128B70F}.Debug|Any CPU.Build.0 = Debug|Any CPU
		{D4654FC1-FB71-4072-92C6-21AF0128B70F}.Release|Any CPU.ActiveCfg = Release|Any CPU
		{D4654FC1-FB71-4072-92C6-21AF0128B70F}.Release|Any CPU.Build.0 = Release|Any CPU
		{9E1447E5-FC3F-4AFE-803A-1D6EA8C9C107}.Debug|Any CPU.ActiveCfg = Debug|Any CPU
		{9E1447E5-FC3F-4AFE-803A-1D6EA8C9C107}.Debug|Any CPU.Build.0 = Debug|Any CPU
		{9E1447E5-FC3F-4AFE-803A-1D6EA8C9C107}.Release|Any CPU.ActiveCfg = Release|Any CPU
		{9E1447E5-FC3F-4AFE-803A-1D6EA8C9C107}.Release|Any CPU.Build.0 = Release|Any CPU
		{059A6B6C-70DF-43FB-B13E-429F1F8C017D}.Debug|Any CPU.ActiveCfg = Debug|Any CPU
		{059A6B6C-70DF-43FB-B13E-429F1F8C017D}.Debug|Any CPU.Build.0 = Debug|Any CPU
		{059A6B6C-70DF-43FB-B13E-429F1F8C017D}.Release|Any CPU.ActiveCfg = Release|Any CPU
		{059A6B6C-70DF-43FB-B13E-429F1F8C017D}.Release|Any CPU.Build.0 = Release|Any CPU
		{29561429-A6DA-4011-AA5D-B1B30A7E7EB2}.Debug|Any CPU.ActiveCfg = Debug|Any CPU
		{29561429-A6DA-4011-AA5D-B1B30A7E7EB2}.Debug|Any CPU.Build.0 = Debug|Any CPU
		{29561429-A6DA-4011-AA5D-B1B30A7E7EB2}.Release|Any CPU.ActiveCfg = Release|Any CPU
		{29561429-A6DA-4011-AA5D-B1B30A7E7EB2}.Release|Any CPU.Build.0 = Release|Any CPU
		{BA4CD239-72B2-4104-BCC0-AFC6F34163B4}.Debug|Any CPU.ActiveCfg = Debug|Any CPU
		{BA4CD239-72B2-4104-BCC0-AFC6F34163B4}.Debug|Any CPU.Build.0 = Debug|Any CPU
		{BA4CD239-72B2-4104-BCC0-AFC6F34163B4}.Release|Any CPU.ActiveCfg = Release|Any CPU
		{BA4CD239-72B2-4104-BCC0-AFC6F34163B4}.Release|Any CPU.Build.0 = Release|Any CPU
		{C5021F68-D36A-4D97-8726-1F59DA338701}.Debug|Any CPU.ActiveCfg = Debug|Any CPU
		{C5021F68-D36A-4D97-8726-1F59DA338701}.Debug|Any CPU.Build.0 = Debug|Any CPU
		{C5021F68-D36A-4D97-8726-1F59DA338701}.Release|Any CPU.ActiveCfg = Release|Any CPU
		{C5021F68-D36A-4D97-8726-1F59DA338701}.Release|Any CPU.Build.0 = Release|Any CPU
		{AB6822DD-C34C-41F0-BDC3-BD2B8D0ED253}.Debug|Any CPU.ActiveCfg = Debug|Any CPU
		{AB6822DD-C34C-41F0-BDC3-BD2B8D0ED253}.Debug|Any CPU.Build.0 = Debug|Any CPU
		{AB6822DD-C34C-41F0-BDC3-BD2B8D0ED253}.Release|Any CPU.ActiveCfg = Release|Any CPU
		{AB6822DD-C34C-41F0-BDC3-BD2B8D0ED253}.Release|Any CPU.Build.0 = Release|Any CPU
		{20565588-9B33-41BB-83D3-DE10532DE762}.Debug|Any CPU.ActiveCfg = Debug|Any CPU
		{20565588-9B33-41BB-83D3-DE10532DE762}.Debug|Any CPU.Build.0 = Debug|Any CPU
		{20565588-9B33-41BB-83D3-DE10532DE762}.Release|Any CPU.ActiveCfg = Release|Any CPU
		{20565588-9B33-41BB-83D3-DE10532DE762}.Release|Any CPU.Build.0 = Release|Any CPU
		{52542EE7-D685-4F92-8FC6-520F53B7E057}.Debug|Any CPU.ActiveCfg = Debug|Any CPU
		{52542EE7-D685-4F92-8FC6-520F53B7E057}.Debug|Any CPU.Build.0 = Debug|Any CPU
		{52542EE7-D685-4F92-8FC6-520F53B7E057}.Release|Any CPU.ActiveCfg = Release|Any CPU
		{52542EE7-D685-4F92-8FC6-520F53B7E057}.Release|Any CPU.Build.0 = Release|Any CPU
		{9B4E2070-75AD-446D-A960-95D379F867B1}.Debug|Any CPU.ActiveCfg = Debug|Any CPU
		{9B4E2070-75AD-446D-A960-95D379F867B1}.Debug|Any CPU.Build.0 = Debug|Any CPU
		{9B4E2070-75AD-446D-A960-95D379F867B1}.Release|Any CPU.ActiveCfg = Release|Any CPU
		{9B4E2070-75AD-446D-A960-95D379F867B1}.Release|Any CPU.Build.0 = Release|Any CPU
		{01354D15-2D15-420A-A186-1FB91BB3BA8E}.Debug|Any CPU.ActiveCfg = Debug|Any CPU
		{01354D15-2D15-420A-A186-1FB91BB3BA8E}.Debug|Any CPU.Build.0 = Debug|Any CPU
		{01354D15-2D15-420A-A186-1FB91BB3BA8E}.Release|Any CPU.ActiveCfg = Release|Any CPU
		{01354D15-2D15-420A-A186-1FB91BB3BA8E}.Release|Any CPU.Build.0 = Release|Any CPU
		{D8A3E497-4C7B-453A-8110-E1357B02F638}.Debug|Any CPU.ActiveCfg = Debug|Any CPU
		{D8A3E497-4C7B-453A-8110-E1357B02F638}.Debug|Any CPU.Build.0 = Debug|Any CPU
		{D8A3E497-4C7B-453A-8110-E1357B02F638}.Release|Any CPU.ActiveCfg = Release|Any CPU
		{D8A3E497-4C7B-453A-8110-E1357B02F638}.Release|Any CPU.Build.0 = Release|Any CPU
		{ABB5C7C8-8B9F-48D6-87EC-14D9B2169D0F}.Debug|Any CPU.ActiveCfg = Debug|Any CPU
		{ABB5C7C8-8B9F-48D6-87EC-14D9B2169D0F}.Debug|Any CPU.Build.0 = Debug|Any CPU
		{ABB5C7C8-8B9F-48D6-87EC-14D9B2169D0F}.Release|Any CPU.ActiveCfg = Release|Any CPU
		{ABB5C7C8-8B9F-48D6-87EC-14D9B2169D0F}.Release|Any CPU.Build.0 = Release|Any CPU
		{DD1261E2-874F-43F4-A2A4-00F933E96D71}.Debug|Any CPU.ActiveCfg = Debug|Any CPU
		{DD1261E2-874F-43F4-A2A4-00F933E96D71}.Debug|Any CPU.Build.0 = Debug|Any CPU
		{DD1261E2-874F-43F4-A2A4-00F933E96D71}.Release|Any CPU.ActiveCfg = Release|Any CPU
		{DD1261E2-874F-43F4-A2A4-00F933E96D71}.Release|Any CPU.Build.0 = Release|Any CPU
		{E0C5AAC0-B16B-4164-86CB-ABC7F38BAFDF}.Debug|Any CPU.ActiveCfg = Debug|Any CPU
		{E0C5AAC0-B16B-4164-86CB-ABC7F38BAFDF}.Debug|Any CPU.Build.0 = Debug|Any CPU
		{E0C5AAC0-B16B-4164-86CB-ABC7F38BAFDF}.Release|Any CPU.ActiveCfg = Release|Any CPU
		{E0C5AAC0-B16B-4164-86CB-ABC7F38BAFDF}.Release|Any CPU.Build.0 = Release|Any CPU
		{C5273493-F705-4BBA-9C18-2D33DEB0B3EB}.Debug|Any CPU.ActiveCfg = Debug|Any CPU
		{C5273493-F705-4BBA-9C18-2D33DEB0B3EB}.Debug|Any CPU.Build.0 = Debug|Any CPU
		{C5273493-F705-4BBA-9C18-2D33DEB0B3EB}.Release|Any CPU.ActiveCfg = Release|Any CPU
		{C5273493-F705-4BBA-9C18-2D33DEB0B3EB}.Release|Any CPU.Build.0 = Release|Any CPU
		{CC5FD17F-2814-427E-AD53-0686D90DA512}.Debug|Any CPU.ActiveCfg = Debug|Any CPU
		{CC5FD17F-2814-427E-AD53-0686D90DA512}.Debug|Any CPU.Build.0 = Debug|Any CPU
		{CC5FD17F-2814-427E-AD53-0686D90DA512}.Release|Any CPU.ActiveCfg = Release|Any CPU
		{CC5FD17F-2814-427E-AD53-0686D90DA512}.Release|Any CPU.Build.0 = Release|Any CPU
	EndGlobalSection
	GlobalSection(SolutionProperties) = preSolution
		HideSolutionNode = FALSE
	EndGlobalSection
	GlobalSection(NestedProjects) = preSolution
		{24D1FCC7-5452-4681-AAFC-941D0230569F} = {3F060323-6090-4CF1-A29A-FF097754EE10}
		{A79B34A3-9C6E-4F4D-A845-1EF5138EDD21} = {3F060323-6090-4CF1-A29A-FF097754EE10}
		{FBB0A3CB-24C3-4ABD-BE94-C2F032EC687F} = {3F060323-6090-4CF1-A29A-FF097754EE10}
		{881C8D8C-36C5-4160-B5D5-6A8A0E40DB7A} = {3F060323-6090-4CF1-A29A-FF097754EE10}
		{E417FDBA-39C6-4D9C-9311-56CC3EB5326F} = {3F060323-6090-4CF1-A29A-FF097754EE10}
		{652C4CE8-FD6B-48DF-8688-97E2721D1644} = {83282DEB-4591-4EBB-8ABB-FD752FD79961}
		{108E6274-3489-48C6-A4AA-FDF93C5B18EB} = {83282DEB-4591-4EBB-8ABB-FD752FD79961}
		{CD988CC8-983E-4BB7-9327-D7B66E2763C6} = {83282DEB-4591-4EBB-8ABB-FD752FD79961}
		{EBFD7A90-A99E-43FB-8F95-0711936DD398} = {83282DEB-4591-4EBB-8ABB-FD752FD79961}
		{4641E5AF-E901-44EB-A62D-D464A90B28AB} = {83282DEB-4591-4EBB-8ABB-FD752FD79961}
		{1F9DC1DF-B3B7-4E8D-828D-81211E835085} = {83282DEB-4591-4EBB-8ABB-FD752FD79961}
		{3DF4197B-57B1-4C2F-8411-F8116348CA18} = {83282DEB-4591-4EBB-8ABB-FD752FD79961}
		{BBE9C869-4483-4302-8F7F-D82516199970} = {095AD882-928C-44EE-AE25-7CB7720711B9}
		{30BD325D-49F3-4D71-AF00-64BAF416DAB5} = {095AD882-928C-44EE-AE25-7CB7720711B9}
		{ACEFEE26-36EC-4622-A664-8185FBE9C628} = {095AD882-928C-44EE-AE25-7CB7720711B9}
		{EBBC9BBF-6451-4E08-893A-A78F8A89C461} = {095AD882-928C-44EE-AE25-7CB7720711B9}
		{69DC673C-58AF-4391-9034-EEEAEF4C2896} = {095AD882-928C-44EE-AE25-7CB7720711B9}
		{47747336-B204-4BE6-9C43-06DFAF0E85D4} = {095AD882-928C-44EE-AE25-7CB7720711B9}
		{DCAB9EEE-CD35-471A-9604-6B55B687705C} = {095AD882-928C-44EE-AE25-7CB7720711B9}
		{C1046300-880F-4063-B988-F5714677CC10} = {095AD882-928C-44EE-AE25-7CB7720711B9}
		{E22F7F51-26ED-4A86-B20D-1D9F2EBAF9A7} = {095AD882-928C-44EE-AE25-7CB7720711B9}
		{09354418-E1FB-4EB8-821B-A1C1CFDDC2C7} = {095AD882-928C-44EE-AE25-7CB7720711B9}
		{CC06A119-DC0B-46D5-BBAC-C8458F294142} = {A79B34A3-9C6E-4F4D-A845-1EF5138EDD21}
		{BBDD73A2-8FFC-40FE-856D-6986A641FCEB} = {FBB0A3CB-24C3-4ABD-BE94-C2F032EC687F}
		{E8969395-BFC6-4002-AAEC-A2D58E03C736} = {24D1FCC7-5452-4681-AAFC-941D0230569F}
		{1E9C702E-AFBB-466A-AECF-14CE91182299} = {881C8D8C-36C5-4160-B5D5-6A8A0E40DB7A}
		{B0F1F56D-F81A-42E2-AD1F-DBA976D6C318} = {E417FDBA-39C6-4D9C-9311-56CC3EB5326F}
		{D4654FC1-FB71-4072-92C6-21AF0128B70F} = {3DF4197B-57B1-4C2F-8411-F8116348CA18}
		{9E1447E5-FC3F-4AFE-803A-1D6EA8C9C107} = {1F9DC1DF-B3B7-4E8D-828D-81211E835085}
		{059A6B6C-70DF-43FB-B13E-429F1F8C017D} = {4641E5AF-E901-44EB-A62D-D464A90B28AB}
		{29561429-A6DA-4011-AA5D-B1B30A7E7EB2} = {EBFD7A90-A99E-43FB-8F95-0711936DD398}
		{BA4CD239-72B2-4104-BCC0-AFC6F34163B4} = {CD988CC8-983E-4BB7-9327-D7B66E2763C6}
		{C5021F68-D36A-4D97-8726-1F59DA338701} = {108E6274-3489-48C6-A4AA-FDF93C5B18EB}
		{AB6822DD-C34C-41F0-BDC3-BD2B8D0ED253} = {652C4CE8-FD6B-48DF-8688-97E2721D1644}
		{20565588-9B33-41BB-83D3-DE10532DE762} = {09354418-E1FB-4EB8-821B-A1C1CFDDC2C7}
		{52542EE7-D685-4F92-8FC6-520F53B7E057} = {E22F7F51-26ED-4A86-B20D-1D9F2EBAF9A7}
		{9B4E2070-75AD-446D-A960-95D379F867B1} = {C1046300-880F-4063-B988-F5714677CC10}
		{01354D15-2D15-420A-A186-1FB91BB3BA8E} = {DCAB9EEE-CD35-471A-9604-6B55B687705C}
		{D8A3E497-4C7B-453A-8110-E1357B02F638} = {47747336-B204-4BE6-9C43-06DFAF0E85D4}
		{ABB5C7C8-8B9F-48D6-87EC-14D9B2169D0F} = {69DC673C-58AF-4391-9034-EEEAEF4C2896}
		{DD1261E2-874F-43F4-A2A4-00F933E96D71} = {EBBC9BBF-6451-4E08-893A-A78F8A89C461}
		{E0C5AAC0-B16B-4164-86CB-ABC7F38BAFDF} = {ACEFEE26-36EC-4622-A664-8185FBE9C628}
		{C5273493-F705-4BBA-9C18-2D33DEB0B3EB} = {30BD325D-49F3-4D71-AF00-64BAF416DAB5}
		{CC5FD17F-2814-427E-AD53-0686D90DA512} = {BBE9C869-4483-4302-8F7F-D82516199970}
	EndGlobalSection
	GlobalSection(ExtensibilityGlobals) = postSolution
		SolutionGuid = {D28317A1-F939-4BFE-BDC4-539155DF5058}
	EndGlobalSection
EndGlobal
